
Microsoft Visual Studio Solution File, Format Version 12.00
# Visual Studio Version 16
VisualStudioVersion = 16.0.31624.102
MinimumVisualStudioVersion = 10.0.40219.1
Project("{9A19103F-16F7-4668-BE54-9A1E7A4F7556}") = "Shop", "Shop.csproj", "{F3016803-CC43-4068-A27C-1EEA33EAFDBA}"
EndProject
Global
	GlobalSection(SolutionConfigurationPlatforms) = preSolution
		Debug|Any CPU = Debug|Any CPU
		Release|Any CPU = Release|Any CPU
	EndGlobalSection
	GlobalSection(ProjectConfigurationPlatforms) = postSolution
		{F3016803-CC43-4068-A27C-1EEA33EAFDBA}.Debug|Any CPU.ActiveCfg = Debug|Any CPU
		{F3016803-CC43-4068-A27C-1EEA33EAFDBA}.Debug|Any CPU.Build.0 = Debug|Any CPU
		{F3016803-CC43-4068-A27C-1EEA33EAFDBA}.Release|Any CPU.ActiveCfg = Release|Any CPU
		{F3016803-CC43-4068-A27C-1EEA33EAFDBA}.Release|Any CPU.Build.0 = Release|Any CPU
	EndGlobalSection
	GlobalSection(SolutionProperties) = preSolution
		HideSolutionNode = FALSE
	EndGlobalSection
	GlobalSection(ExtensibilityGlobals) = postSolution
		SolutionGuid = {E88F9F39-D0F1-401B-BA08-69E559DA0720}
	EndGlobalSection
EndGlobal
